
Microsoft Visual Studio Solution File, Format Version 12.00
# Visual Studio 15
VisualStudioVersion = 15.0.28307.168
MinimumVisualStudioVersion = 10.0.40219.1
Project("{FAE04EC0-301F-11D3-BF4B-00C04F79EFBC}") = "Sales.Android", "Sales\Sales.Android\Sales.Android.csproj", "{688654F7-CD59-4C5F-97D1-0F2077FD69A0}"
EndProject
Project("{FAE04EC0-301F-11D3-BF4B-00C04F79EFBC}") = "Sales.iOS", "Sales\Sales.iOS\Sales.iOS.csproj", "{A0B1F763-7FB8-441B-925D-7E7A91DD7E56}"
EndProject
Project("{FAE04EC0-301F-11D3-BF4B-00C04F79EFBC}") = "Sales", "Sales\Sales\Sales.csproj", "{8A9FA777-C789-4DB2-952E-38FABD8B0082}"
EndProject
Project("{FAE04EC0-301F-11D3-BF4B-00C04F79EFBC}") = "Sales.Backend", "Sales.Backend\Sales.Backend.csproj", "{37EF8BD9-6CB9-4CFB-8D1F-F13E5E35EA05}"
EndProject
Project("{FAE04EC0-301F-11D3-BF4B-00C04F79EFBC}") = "Sales.API", "Sales.API\Sales.API.csproj", "{1AA1D15D-E42D-4599-8FA5-636361FAEFB6}"
EndProject
Project("{FAE04EC0-301F-11D3-BF4B-00C04F79EFBC}") = "Sales.Domain", "Sales.Domain\Sales.Domain.csproj", "{64B9D9CD-9599-4613-A8DD-294B83D9C8D2}"
EndProject
Project("{FAE04EC0-301F-11D3-BF4B-00C04F79EFBC}") = "Sales.Common", "Sales.Common\Sales.Common.csproj", "{87A530DC-C6BE-42D6-996A-9208A51D9195}"
EndProject
Global
	GlobalSection(SolutionConfigurationPlatforms) = preSolution
		Ad-Hoc|Any CPU = Ad-Hoc|Any CPU
		Ad-Hoc|iPhone = Ad-Hoc|iPhone
		Ad-Hoc|iPhoneSimulator = Ad-Hoc|iPhoneSimulator
		AppStore|Any CPU = AppStore|Any CPU
		AppStore|iPhone = AppStore|iPhone
		AppStore|iPhoneSimulator = AppStore|iPhoneSimulator
		Debug|Any CPU = Debug|Any CPU
		Debug|iPhone = Debug|iPhone
		Debug|iPhoneSimulator = Debug|iPhoneSimulator
		Release|Any CPU = Release|Any CPU
		Release|iPhone = Release|iPhone
		Release|iPhoneSimulator = Release|iPhoneSimulator
	EndGlobalSection
	GlobalSection(ProjectConfigurationPlatforms) = postSolution
		{688654F7-CD59-4C5F-97D1-0F2077FD69A0}.Ad-Hoc|Any CPU.ActiveCfg = Release|Any CPU
		{688654F7-CD59-4C5F-97D1-0F2077FD69A0}.Ad-Hoc|Any CPU.Build.0 = Release|Any CPU
		{688654F7-CD59-4C5F-97D1-0F2077FD69A0}.Ad-Hoc|Any CPU.Deploy.0 = Release|Any CPU
		{688654F7-CD59-4C5F-97D1-0F2077FD69A0}.Ad-Hoc|iPhone.ActiveCfg = Release|Any CPU
		{688654F7-CD59-4C5F-97D1-0F2077FD69A0}.Ad-Hoc|iPhone.Build.0 = Release|Any CPU
		{688654F7-CD59-4C5F-97D1-0F2077FD69A0}.Ad-Hoc|iPhone.Deploy.0 = Release|Any CPU
		{688654F7-CD59-4C5F-97D1-0F2077FD69A0}.Ad-Hoc|iPhoneSimulator.ActiveCfg = Release|Any CPU
		{688654F7-CD59-4C5F-97D1-0F2077FD69A0}.Ad-Hoc|iPhoneSimulator.Build.0 = Release|Any CPU
		{688654F7-CD59-4C5F-97D1-0F2077FD69A0}.Ad-Hoc|iPhoneSimulator.Deploy.0 = Release|Any CPU
		{688654F7-CD59-4C5F-97D1-0F2077FD69A0}.AppStore|Any CPU.ActiveCfg = Release|Any CPU
		{688654F7-CD59-4C5F-97D1-0F2077FD69A0}.AppStore|Any CPU.Build.0 = Release|Any CPU
		{688654F7-CD59-4C5F-97D1-0F2077FD69A0}.AppStore|Any CPU.Deploy.0 = Release|Any CPU
		{688654F7-CD59-4C5F-97D1-0F2077FD69A0}.AppStore|iPhone.ActiveCfg = Release|Any CPU
		{688654F7-CD59-4C5F-97D1-0F2077FD69A0}.AppStore|iPhone.Build.0 = Release|Any CPU
		{688654F7-CD59-4C5F-97D1-0F2077FD69A0}.AppStore|iPhone.Deploy.0 = Release|Any CPU
		{688654F7-CD59-4C5F-97D1-0F2077FD69A0}.AppStore|iPhoneSimulator.ActiveCfg = Release|Any CPU
		{688654F7-CD59-4C5F-97D1-0F2077FD69A0}.AppStore|iPhoneSimulator.Build.0 = Release|Any CPU
		{688654F7-CD59-4C5F-97D1-0F2077FD69A0}.AppStore|iPhoneSimulator.Deploy.0 = Release|Any CPU
		{688654F7-CD59-4C5F-97D1-0F2077FD69A0}.Debug|Any CPU.ActiveCfg = Debug|Any CPU
		{688654F7-CD59-4C5F-97D1-0F2077FD69A0}.Debug|Any CPU.Build.0 = Debug|Any CPU
		{688654F7-CD59-4C5F-97D1-0F2077FD69A0}.Debug|Any CPU.Deploy.0 = Debug|Any CPU
		{688654F7-CD59-4C5F-97D1-0F2077FD69A0}.Debug|iPhone.ActiveCfg = Debug|Any CPU
		{688654F7-CD59-4C5F-97D1-0F2077FD69A0}.Debug|iPhone.Build.0 = Debug|Any CPU
		{688654F7-CD59-4C5F-97D1-0F2077FD69A0}.Debug|iPhone.Deploy.0 = Debug|Any CPU
		{688654F7-CD59-4C5F-97D1-0F2077FD69A0}.Debug|iPhoneSimulator.ActiveCfg = Debug|Any CPU
		{688654F7-CD59-4C5F-97D1-0F2077FD69A0}.Debug|iPhoneSimulator.Build.0 = Debug|Any CPU
		{688654F7-CD59-4C5F-97D1-0F2077FD69A0}.Debug|iPhoneSimulator.Deploy.0 = Debug|Any CPU
		{688654F7-CD59-4C5F-97D1-0F2077FD69A0}.Release|Any CPU.ActiveCfg = Release|Any CPU
		{688654F7-CD59-4C5F-97D1-0F2077FD69A0}.Release|Any CPU.Build.0 = Release|Any CPU
		{688654F7-CD59-4C5F-97D1-0F2077FD69A0}.Release|Any CPU.Deploy.0 = Release|Any CPU
		{688654F7-CD59-4C5F-97D1-0F2077FD69A0}.Release|iPhone.ActiveCfg = Release|Any CPU
		{688654F7-CD59-4C5F-97D1-0F2077FD69A0}.Release|iPhone.Build.0 = Release|Any CPU
		{688654F7-CD59-4C5F-97D1-0F2077FD69A0}.Release|iPhone.Deploy.0 = Release|Any CPU
		{688654F7-CD59-4C5F-97D1-0F2077FD69A0}.Release|iPhoneSimulator.ActiveCfg = Release|Any CPU
		{688654F7-CD59-4C5F-97D1-0F2077FD69A0}.Release|iPhoneSimulator.Build.0 = Release|Any CPU
		{688654F7-CD59-4C5F-97D1-0F2077FD69A0}.Release|iPhoneSimulator.Deploy.0 = Release|Any CPU
		{A0B1F763-7FB8-441B-925D-7E7A91DD7E56}.Ad-Hoc|Any CPU.ActiveCfg = Ad-Hoc|iPhone
		{A0B1F763-7FB8-441B-925D-7E7A91DD7E56}.Ad-Hoc|Any CPU.Build.0 = Ad-Hoc|iPhone
		{A0B1F763-7FB8-441B-925D-7E7A91DD7E56}.Ad-Hoc|Any CPU.Deploy.0 = Ad-Hoc|iPhone
		{A0B1F763-7FB8-441B-925D-7E7A91DD7E56}.Ad-Hoc|iPhone.ActiveCfg = Ad-Hoc|iPhone
		{A0B1F763-7FB8-441B-925D-7E7A91DD7E56}.Ad-Hoc|iPhone.Build.0 = Ad-Hoc|iPhone
		{A0B1F763-7FB8-441B-925D-7E7A91DD7E56}.Ad-Hoc|iPhone.Deploy.0 = Ad-Hoc|iPhone
		{A0B1F763-7FB8-441B-925D-7E7A91DD7E56}.Ad-Hoc|iPhoneSimulator.ActiveCfg = Ad-Hoc|iPhoneSimulator
		{A0B1F763-7FB8-441B-925D-7E7A91DD7E56}.Ad-Hoc|iPhoneSimulator.Build.0 = Ad-Hoc|iPhoneSimulator
		{A0B1F763-7FB8-441B-925D-7E7A91DD7E56}.Ad-Hoc|iPhoneSimulator.Deploy.0 = Ad-Hoc|iPhoneSimulator
		{A0B1F763-7FB8-441B-925D-7E7A91DD7E56}.AppStore|Any CPU.ActiveCfg = AppStore|iPhone
		{A0B1F763-7FB8-441B-925D-7E7A91DD7E56}.AppStore|Any CPU.Build.0 = AppStore|iPhone
		{A0B1F763-7FB8-441B-925D-7E7A91DD7E56}.AppStore|Any CPU.Deploy.0 = AppStore|iPhone
		{A0B1F763-7FB8-441B-925D-7E7A91DD7E56}.AppStore|iPhone.ActiveCfg = AppStore|iPhone
		{A0B1F763-7FB8-441B-925D-7E7A91DD7E56}.AppStore|iPhone.Build.0 = AppStore|iPhone
		{A0B1F763-7FB8-441B-925D-7E7A91DD7E56}.AppStore|iPhone.Deploy.0 = AppStore|iPhone
		{A0B1F763-7FB8-441B-925D-7E7A91DD7E56}.AppStore|iPhoneSimulator.ActiveCfg = AppStore|iPhoneSimulator
		{A0B1F763-7FB8-441B-925D-7E7A91DD7E56}.AppStore|iPhoneSimulator.Build.0 = AppStore|iPhoneSimulator
		{A0B1F763-7FB8-441B-925D-7E7A91DD7E56}.AppStore|iPhoneSimulator.Deploy.0 = AppStore|iPhoneSimulator
		{A0B1F763-7FB8-441B-925D-7E7A91DD7E56}.Debug|Any CPU.ActiveCfg = Debug|iPhoneSimulator
		{A0B1F763-7FB8-441B-925D-7E7A91DD7E56}.Debug|Any CPU.Build.0 = Debug|iPhoneSimulator
		{A0B1F763-7FB8-441B-925D-7E7A91DD7E56}.Debug|Any CPU.Deploy.0 = Debug|iPhoneSimulator
		{A0B1F763-7FB8-441B-925D-7E7A91DD7E56}.Debug|iPhone.ActiveCfg = Debug|iPhone
		{A0B1F763-7FB8-441B-925D-7E7A91DD7E56}.Debug|iPhone.Build.0 = Debug|iPhone
		{A0B1F763-7FB8-441B-925D-7E7A91DD7E56}.Debug|iPhone.Deploy.0 = Debug|iPhone
		{A0B1F763-7FB8-441B-925D-7E7A91DD7E56}.Debug|iPhoneSimulator.ActiveCfg = Debug|iPhoneSimulator
		{A0B1F763-7FB8-441B-925D-7E7A91DD7E56}.Debug|iPhoneSimulator.Build.0 = Debug|iPhoneSimulator
		{A0B1F763-7FB8-441B-925D-7E7A91DD7E56}.Debug|iPhoneSimulator.Deploy.0 = Debug|iPhoneSimulator
		{A0B1F763-7FB8-441B-925D-7E7A91DD7E56}.Release|Any CPU.ActiveCfg = Release|iPhone
		{A0B1F763-7FB8-441B-925D-7E7A91DD7E56}.Release|Any CPU.Build.0 = Release|iPhone
		{A0B1F763-7FB8-441B-925D-7E7A91DD7E56}.Release|Any CPU.Deploy.0 = Release|iPhone
		{A0B1F763-7FB8-441B-925D-7E7A91DD7E56}.Release|iPhone.ActiveCfg = Release|iPhone
		{A0B1F763-7FB8-441B-925D-7E7A91DD7E56}.Release|iPhone.Build.0 = Release|iPhone
		{A0B1F763-7FB8-441B-925D-7E7A91DD7E56}.Release|iPhone.Deploy.0 = Release|iPhone
		{A0B1F763-7FB8-441B-925D-7E7A91DD7E56}.Release|iPhoneSimulator.ActiveCfg = Release|iPhoneSimulator
		{A0B1F763-7FB8-441B-925D-7E7A91DD7E56}.Release|iPhoneSimulator.Build.0 = Release|iPhoneSimulator
		{A0B1F763-7FB8-441B-925D-7E7A91DD7E56}.Release|iPhoneSimulator.Deploy.0 = Release|iPhoneSimulator
		{8A9FA777-C789-4DB2-952E-38FABD8B0082}.Ad-Hoc|Any CPU.ActiveCfg = Debug|Any CPU
		{8A9FA777-C789-4DB2-952E-38FABD8B0082}.Ad-Hoc|Any CPU.Build.0 = Debug|Any CPU
		{8A9FA777-C789-4DB2-952E-38FABD8B0082}.Ad-Hoc|Any CPU.Deploy.0 = Debug|Any CPU
		{8A9FA777-C789-4DB2-952E-38FABD8B0082}.Ad-Hoc|iPhone.ActiveCfg = Debug|Any CPU
		{8A9FA777-C789-4DB2-952E-38FABD8B0082}.Ad-Hoc|iPhone.Build.0 = Debug|Any CPU
		{8A9FA777-C789-4DB2-952E-38FABD8B0082}.Ad-Hoc|iPhone.Deploy.0 = Debug|Any CPU
		{8A9FA777-C789-4DB2-952E-38FABD8B0082}.Ad-Hoc|iPhoneSimulator.ActiveCfg = Debug|Any CPU
		{8A9FA777-C789-4DB2-952E-38FABD8B0082}.Ad-Hoc|iPhoneSimulator.Build.0 = Debug|Any CPU
		{8A9FA777-C789-4DB2-952E-38FABD8B0082}.Ad-Hoc|iPhoneSimulator.Deploy.0 = Debug|Any CPU
		{8A9FA777-C789-4DB2-952E-38FABD8B0082}.AppStore|Any CPU.ActiveCfg = Debug|Any CPU
		{8A9FA777-C789-4DB2-952E-38FABD8B0082}.AppStore|Any CPU.Build.0 = Debug|Any CPU
		{8A9FA777-C789-4DB2-952E-38FABD8B0082}.AppStore|Any CPU.Deploy.0 = Debug|Any CPU
		{8A9FA777-C789-4DB2-952E-38FABD8B0082}.AppStore|iPhone.ActiveCfg = Debug|Any CPU
		{8A9FA777-C789-4DB2-952E-38FABD8B0082}.AppStore|iPhone.Build.0 = Debug|Any CPU
		{8A9FA777-C789-4DB2-952E-38FABD8B0082}.AppStore|iPhone.Deploy.0 = Debug|Any CPU
		{8A9FA777-C789-4DB2-952E-38FABD8B0082}.AppStore|iPhoneSimulator.ActiveCfg = Debug|Any CPU
		{8A9FA777-C789-4DB2-952E-38FABD8B0082}.AppStore|iPhoneSimulator.Build.0 = Debug|Any CPU
		{8A9FA777-C789-4DB2-952E-38FABD8B0082}.AppStore|iPhoneSimulator.Deploy.0 = Debug|Any CPU
		{8A9FA777-C789-4DB2-952E-38FABD8B0082}.Debug|Any CPU.ActiveCfg = Debug|Any CPU
		{8A9FA777-C789-4DB2-952E-38FABD8B0082}.Debug|Any CPU.Build.0 = Debug|Any CPU
		{8A9FA777-C789-4DB2-952E-38FABD8B0082}.Debug|Any CPU.Deploy.0 = Debug|Any CPU
		{8A9FA777-C789-4DB2-952E-38FABD8B0082}.Debug|iPhone.ActiveCfg = Debug|Any CPU
		{8A9FA777-C789-4DB2-952E-38FABD8B0082}.Debug|iPhone.Build.0 = Debug|Any CPU
		{8A9FA777-C789-4DB2-952E-38FABD8B0082}.Debug|iPhone.Deploy.0 = Debug|Any CPU
		{8A9FA777-C789-4DB2-952E-38FABD8B0082}.Debug|iPhoneSimulator.ActiveCfg = Debug|Any CPU
		{8A9FA777-C789-4DB2-952E-38FABD8B0082}.Debug|iPhoneSimulator.Build.0 = Debug|Any CPU
		{8A9FA777-C789-4DB2-952E-38FABD8B0082}.Debug|iPhoneSimulator.Deploy.0 = Debug|Any CPU
		{8A9FA777-C789-4DB2-952E-38FABD8B0082}.Release|Any CPU.ActiveCfg = Release|Any CPU
		{8A9FA777-C789-4DB2-952E-38FABD8B0082}.Release|Any CPU.Build.0 = Release|Any CPU
		{8A9FA777-C789-4DB2-952E-38FABD8B0082}.Release|Any CPU.Deploy.0 = Release|Any CPU
		{8A9FA777-C789-4DB2-952E-38FABD8B0082}.Release|iPhone.ActiveCfg = Release|Any CPU
		{8A9FA777-C789-4DB2-952E-38FABD8B0082}.Release|iPhone.Build.0 = Release|Any CPU
		{8A9FA777-C789-4DB2-952E-38FABD8B0082}.Release|iPhone.Deploy.0 = Release|Any CPU
		{8A9FA777-C789-4DB2-952E-38FABD8B0082}.Release|iPhoneSimulator.ActiveCfg = Release|Any CPU
		{8A9FA777-C789-4DB2-952E-38FABD8B0082}.Release|iPhoneSimulator.Build.0 = Release|Any CPU
		{8A9FA777-C789-4DB2-952E-38FABD8B0082}.Release|iPhoneSimulator.Deploy.0 = Release|Any CPU
		{37EF8BD9-6CB9-4CFB-8D1F-F13E5E35EA05}.Ad-Hoc|Any CPU.ActiveCfg = Release|Any CPU
		{37EF8BD9-6CB9-4CFB-8D1F-F13E5E35EA05}.Ad-Hoc|Any CPU.Build.0 = Release|Any CPU
		{37EF8BD9-6CB9-4CFB-8D1F-F13E5E35EA05}.Ad-Hoc|iPhone.ActiveCfg = Release|Any CPU
		{37EF8BD9-6CB9-4CFB-8D1F-F13E5E35EA05}.Ad-Hoc|iPhone.Build.0 = Release|Any CPU
		{37EF8BD9-6CB9-4CFB-8D1F-F13E5E35EA05}.Ad-Hoc|iPhoneSimulator.ActiveCfg = Release|Any CPU
		{37EF8BD9-6CB9-4CFB-8D1F-F13E5E35EA05}.Ad-Hoc|iPhoneSimulator.Build.0 = Release|Any CPU
		{37EF8BD9-6CB9-4CFB-8D1F-F13E5E35EA05}.AppStore|Any CPU.ActiveCfg = Release|Any CPU
		{37EF8BD9-6CB9-4CFB-8D1F-F13E5E35EA05}.AppStore|Any CPU.Build.0 = Release|Any CPU
		{37EF8BD9-6CB9-4CFB-8D1F-F13E5E35EA05}.AppStore|iPhone.ActiveCfg = Release|Any CPU
		{37EF8BD9-6CB9-4CFB-8D1F-F13E5E35EA05}.AppStore|iPhone.Build.0 = Release|Any CPU
		{37EF8BD9-6CB9-4CFB-8D1F-F13E5E35EA05}.AppStore|iPhoneSimulator.ActiveCfg = Release|Any CPU
		{37EF8BD9-6CB9-4CFB-8D1F-F13E5E35EA05}.AppStore|iPhoneSimulator.Build.0 = Release|Any CPU
		{37EF8BD9-6CB9-4CFB-8D1F-F13E5E35EA05}.Debug|Any CPU.ActiveCfg = Debug|Any CPU
		{37EF8BD9-6CB9-4CFB-8D1F-F13E5E35EA05}.Debug|Any CPU.Build.0 = Debug|Any CPU
		{37EF8BD9-6CB9-4CFB-8D1F-F13E5E35EA05}.Debug|iPhone.ActiveCfg = Debug|Any CPU
		{37EF8BD9-6CB9-4CFB-8D1F-F13E5E35EA05}.Debug|iPhone.Build.0 = Debug|Any CPU
		{37EF8BD9-6CB9-4CFB-8D1F-F13E5E35EA05}.Debug|iPhoneSimulator.ActiveCfg = Debug|Any CPU
		{37EF8BD9-6CB9-4CFB-8D1F-F13E5E35EA05}.Debug|iPhoneSimulator.Build.0 = Debug|Any CPU
		{37EF8BD9-6CB9-4CFB-8D1F-F13E5E35EA05}.Release|Any CPU.ActiveCfg = Release|Any CPU
		{37EF8BD9-6CB9-4CFB-8D1F-F13E5E35EA05}.Release|Any CPU.Build.0 = Release|Any CPU
		{37EF8BD9-6CB9-4CFB-8D1F-F13E5E35EA05}.Release|iPhone.ActiveCfg = Release|Any CPU
		{37EF8BD9-6CB9-4CFB-8D1F-F13E5E35EA05}.Release|iPhone.Build.0 = Release|Any CPU
		{37EF8BD9-6CB9-4CFB-8D1F-F13E5E35EA05}.Release|iPhoneSimulator.ActiveCfg = Release|Any CPU
		{37EF8BD9-6CB9-4CFB-8D1F-F13E5E35EA05}.Release|iPhoneSimulator.Build.0 = Release|Any CPU
		{1AA1D15D-E42D-4599-8FA5-636361FAEFB6}.Ad-Hoc|Any CPU.ActiveCfg = Release|Any CPU
		{1AA1D15D-E42D-4599-8FA5-636361FAEFB6}.Ad-Hoc|Any CPU.Build.0 = Release|Any CPU
		{1AA1D15D-E42D-4599-8FA5-636361FAEFB6}.Ad-Hoc|iPhone.ActiveCfg = Release|Any CPU
		{1AA1D15D-E42D-4599-8FA5-636361FAEFB6}.Ad-Hoc|iPhone.Build.0 = Release|Any CPU
		{1AA1D15D-E42D-4599-8FA5-636361FAEFB6}.Ad-Hoc|iPhoneSimulator.ActiveCfg = Release|Any CPU
		{1AA1D15D-E42D-4599-8FA5-636361FAEFB6}.Ad-Hoc|iPhoneSimulator.Build.0 = Release|Any CPU
		{1AA1D15D-E42D-4599-8FA5-636361FAEFB6}.AppStore|Any CPU.ActiveCfg = Release|Any CPU
		{1AA1D15D-E42D-4599-8FA5-636361FAEFB6}.AppStore|Any CPU.Build.0 = Release|Any CPU
		{1AA1D15D-E42D-4599-8FA5-636361FAEFB6}.AppStore|iPhone.ActiveCfg = Release|Any CPU
		{1AA1D15D-E42D-4599-8FA5-636361FAEFB6}.AppStore|iPhone.Build.0 = Release|Any CPU
		{1AA1D15D-E42D-4599-8FA5-636361FAEFB6}.AppStore|iPhoneSimulator.ActiveCfg = Release|Any CPU
		{1AA1D15D-E42D-4599-8FA5-636361FAEFB6}.AppStore|iPhoneSimulator.Build.0 = Release|Any CPU
		{1AA1D15D-E42D-4599-8FA5-636361FAEFB6}.Debug|Any CPU.ActiveCfg = Debug|Any CPU
		{1AA1D15D-E42D-4599-8FA5-636361FAEFB6}.Debug|Any CPU.Build.0 = Debug|Any CPU
		{1AA1D15D-E42D-4599-8FA5-636361FAEFB6}.Debug|iPhone.ActiveCfg = Debug|Any CPU
		{1AA1D15D-E42D-4599-8FA5-636361FAEFB6}.Debug|iPhone.Build.0 = Debug|Any CPU
		{1AA1D15D-E42D-4599-8FA5-636361FAEFB6}.Debug|iPhoneSimulator.ActiveCfg = Debug|Any CPU
		{1AA1D15D-E42D-4599-8FA5-636361FAEFB6}.Debug|iPhoneSimulator.Build.0 = Debug|Any CPU
		{1AA1D15D-E42D-4599-8FA5-636361FAEFB6}.Release|Any CPU.ActiveCfg = Release|Any CPU
		{1AA1D15D-E42D-4599-8FA5-636361FAEFB6}.Release|Any CPU.Build.0 = Release|Any CPU
		{1AA1D15D-E42D-4599-8FA5-636361FAEFB6}.Release|iPhone.ActiveCfg = Release|Any CPU
		{1AA1D15D-E42D-4599-8FA5-636361FAEFB6}.Release|iPhone.Build.0 = Release|Any CPU
		{1AA1D15D-E42D-4599-8FA5-636361FAEFB6}.Release|iPhoneSimulator.ActiveCfg = Release|Any CPU
		{1AA1D15D-E42D-4599-8FA5-636361FAEFB6}.Release|iPhoneSimulator.Build.0 = Release|Any CPU
		{64B9D9CD-9599-4613-A8DD-294B83D9C8D2}.Ad-Hoc|Any CPU.ActiveCfg = Release|Any CPU
		{64B9D9CD-9599-4613-A8DD-294B83D9C8D2}.Ad-Hoc|Any CPU.Build.0 = Release|Any CPU
		{64B9D9CD-9599-4613-A8DD-294B83D9C8D2}.Ad-Hoc|iPhone.ActiveCfg = Release|Any CPU
		{64B9D9CD-9599-4613-A8DD-294B83D9C8D2}.Ad-Hoc|iPhone.Build.0 = Release|Any CPU
		{64B9D9CD-9599-4613-A8DD-294B83D9C8D2}.Ad-Hoc|iPhoneSimulator.ActiveCfg = Release|Any CPU
		{64B9D9CD-9599-4613-A8DD-294B83D9C8D2}.Ad-Hoc|iPhoneSimulator.Build.0 = Release|Any CPU
		{64B9D9CD-9599-4613-A8DD-294B83D9C8D2}.AppStore|Any CPU.ActiveCfg = Release|Any CPU
		{64B9D9CD-9599-4613-A8DD-294B83D9C8D2}.AppStore|Any CPU.Build.0 = Release|Any CPU
		{64B9D9CD-9599-4613-A8DD-294B83D9C8D2}.AppStore|iPhone.ActiveCfg = Release|Any CPU
		{64B9D9CD-9599-4613-A8DD-294B83D9C8D2}.AppStore|iPhone.Build.0 = Release|Any CPU
		{64B9D9CD-9599-4613-A8DD-294B83D9C8D2}.AppStore|iPhoneSimulator.ActiveCfg = Release|Any CPU
		{64B9D9CD-9599-4613-A8DD-294B83D9C8D2}.AppStore|iPhoneSimulator.Build.0 = Release|Any CPU
		{64B9D9CD-9599-4613-A8DD-294B83D9C8D2}.Debug|Any CPU.ActiveCfg = Debug|Any CPU
		{64B9D9CD-9599-4613-A8DD-294B83D9C8D2}.Debug|Any CPU.Build.0 = Debug|Any CPU
		{64B9D9CD-9599-4613-A8DD-294B83D9C8D2}.Debug|iPhone.ActiveCfg = Debug|Any CPU
		{64B9D9CD-9599-4613-A8DD-294B83D9C8D2}.Debug|iPhone.Build.0 = Debug|Any CPU
		{64B9D9CD-9599-4613-A8DD-294B83D9C8D2}.Debug|iPhoneSimulator.ActiveCfg = Debug|Any CPU
		{64B9D9CD-9599-4613-A8DD-294B83D9C8D2}.Debug|iPhoneSimulator.Build.0 = Debug|Any CPU
		{64B9D9CD-9599-4613-A8DD-294B83D9C8D2}.Release|Any CPU.ActiveCfg = Release|Any CPU
		{64B9D9CD-9599-4613-A8DD-294B83D9C8D2}.Release|Any CPU.Build.0 = Release|Any CPU
		{64B9D9CD-9599-4613-A8DD-294B83D9C8D2}.Release|iPhone.ActiveCfg = Release|Any CPU
		{64B9D9CD-9599-4613-A8DD-294B83D9C8D2}.Release|iPhone.Build.0 = Release|Any CPU
		{64B9D9CD-9599-4613-A8DD-294B83D9C8D2}.Release|iPhoneSimulator.ActiveCfg = Release|Any CPU
		{64B9D9CD-9599-4613-A8DD-294B83D9C8D2}.Release|iPhoneSimulator.Build.0 = Release|Any CPU
		{87A530DC-C6BE-42D6-996A-9208A51D9195}.Ad-Hoc|Any CPU.ActiveCfg = Release|Any CPU
		{87A530DC-C6BE-42D6-996A-9208A51D9195}.Ad-Hoc|Any CPU.Build.0 = Release|Any CPU
		{87A530DC-C6BE-42D6-996A-9208A51D9195}.Ad-Hoc|iPhone.ActiveCfg = Release|Any CPU
		{87A530DC-C6BE-42D6-996A-9208A51D9195}.Ad-Hoc|iPhone.Build.0 = Release|Any CPU
		{87A530DC-C6BE-42D6-996A-9208A51D9195}.Ad-Hoc|iPhoneSimulator.ActiveCfg = Release|Any CPU
		{87A530DC-C6BE-42D6-996A-9208A51D9195}.Ad-Hoc|iPhoneSimulator.Build.0 = Release|Any CPU
		{87A530DC-C6BE-42D6-996A-9208A51D9195}.AppStore|Any CPU.ActiveCfg = Release|Any CPU
		{87A530DC-C6BE-42D6-996A-9208A51D9195}.AppStore|Any CPU.Build.0 = Release|Any CPU
		{87A530DC-C6BE-42D6-996A-9208A51D9195}.AppStore|iPhone.ActiveCfg = Release|Any CPU
		{87A530DC-C6BE-42D6-996A-9208A51D9195}.AppStore|iPhone.Build.0 = Release|Any CPU
		{87A530DC-C6BE-42D6-996A-9208A51D9195}.AppStore|iPhoneSimulator.ActiveCfg = Release|Any CPU
		{87A530DC-C6BE-42D6-996A-9208A51D9195}.AppStore|iPhoneSimulator.Build.0 = Release|Any CPU
		{87A530DC-C6BE-42D6-996A-9208A51D9195}.Debug|Any CPU.ActiveCfg = Debug|Any CPU
		{87A530DC-C6BE-42D6-996A-9208A51D9195}.Debug|Any CPU.Build.0 = Debug|Any CPU
		{87A530DC-C6BE-42D6-996A-9208A51D9195}.Debug|iPhone.ActiveCfg = Debug|Any CPU
		{87A530DC-C6BE-42D6-996A-9208A51D9195}.Debug|iPhone.Build.0 = Debug|Any CPU
		{87A530DC-C6BE-42D6-996A-9208A51D9195}.Debug|iPhoneSimulator.ActiveCfg = Debug|Any CPU
		{87A530DC-C6BE-42D6-996A-9208A51D9195}.Debug|iPhoneSimulator.Build.0 = Debug|Any CPU
		{87A530DC-C6BE-42D6-996A-9208A51D9195}.Release|Any CPU.ActiveCfg = Release|Any CPU
		{87A530DC-C6BE-42D6-996A-9208A51D9195}.Release|Any CPU.Build.0 = Release|Any CPU
		{87A530DC-C6BE-42D6-996A-9208A51D9195}.Release|iPhone.ActiveCfg = Release|Any CPU
		{87A530DC-C6BE-42D6-996A-9208A51D9195}.Release|iPhone.Build.0 = Release|Any CPU
		{87A530DC-C6BE-42D6-996A-9208A51D9195}.Release|iPhoneSimulator.ActiveCfg = Release|Any CPU
		{87A530DC-C6BE-42D6-996A-9208A51D9195}.Release|iPhoneSimulator.Build.0 = Release|Any CPU
	EndGlobalSection
	GlobalSection(SolutionProperties) = preSolution
		HideSolutionNode = FALSE
	EndGlobalSection
	GlobalSection(ExtensibilityGlobals) = postSolution
		SolutionGuid = {894CE60C-25DA-48A4-B43C-6300506D7E5A}
	EndGlobalSection
EndGlobal
